
Microsoft Visual Studio Solution File, Format Version 12.00
# Visual Studio Version 17
VisualStudioVersion = 17.11.35312.102
MinimumVisualStudioVersion = 10.0.40219.1
Project("{FAE04EC0-301F-11D3-BF4B-00C04F79EFBC}") = "ServerApp(AutoCombatant)", "ServerApp(AutoCombatant)\ServerApp(AutoCombatant).csproj", "{AF9D4FEB-D5AA-4141-BC50-102653689DC1}"
EndProject
Global
	GlobalSection(SolutionConfigurationPlatforms) = preSolution
		Debug|Any CPU = Debug|Any CPU
		Release|Any CPU = Release|Any CPU
	EndGlobalSection
	GlobalSection(ProjectConfigurationPlatforms) = postSolution
		{AF9D4FEB-D5AA-4141-BC50-102653689DC1}.Debug|Any CPU.ActiveCfg = Debug|Any CPU
		{AF9D4FEB-D5AA-4141-BC50-102653689DC1}.Debug|Any CPU.Build.0 = Debug|Any CPU
		{AF9D4FEB-D5AA-4141-BC50-102653689DC1}.Release|Any CPU.ActiveCfg = Release|Any CPU
		{AF9D4FEB-D5AA-4141-BC50-102653689DC1}.Release|Any CPU.Build.0 = Release|Any CPU
	EndGlobalSection
	GlobalSection(SolutionProperties) = preSolution
		HideSolutionNode = FALSE
	EndGlobalSection
	GlobalSection(ExtensibilityGlobals) = postSolution
		SolutionGuid = {AEB377EF-71B6-4ADE-8E3D-5A6E17E61F7F}
	EndGlobalSection
EndGlobal
