
Microsoft Visual Studio Solution File, Format Version 12.00
# Visual Studio Version 17
VisualStudioVersion = 17.11.35312.102
MinimumVisualStudioVersion = 10.0.40219.1
Project("{FAE04EC0-301F-11D3-BF4B-00C04F79EFBC}") = "ShopUI", "ShopUI\ShopUI.csproj", "{31732B70-026F-45B6-84E4-D4D40B8087B4}"
EndProject
Project("{2150E333-8FDC-42A3-9474-1A3956D46DE8}") = "솔루션 항목", "솔루션 항목", "{B13326E1-A41B-4318-B371-63C98C64E9A3}"
EndProject
Global
	GlobalSection(SolutionConfigurationPlatforms) = preSolution
		Debug|Any CPU = Debug|Any CPU
		Release|Any CPU = Release|Any CPU
	EndGlobalSection
	GlobalSection(ProjectConfigurationPlatforms) = postSolution
		{31732B70-026F-45B6-84E4-D4D40B8087B4}.Debug|Any CPU.ActiveCfg = Debug|Any CPU
		{31732B70-026F-45B6-84E4-D4D40B8087B4}.Debug|Any CPU.Build.0 = Debug|Any CPU
		{31732B70-026F-45B6-84E4-D4D40B8087B4}.Release|Any CPU.ActiveCfg = Release|Any CPU
		{31732B70-026F-45B6-84E4-D4D40B8087B4}.Release|Any CPU.Build.0 = Release|Any CPU
	EndGlobalSection
	GlobalSection(SolutionProperties) = preSolution
		HideSolutionNode = FALSE
	EndGlobalSection
	GlobalSection(ExtensibilityGlobals) = postSolution
		SolutionGuid = {E5F39EBA-A077-455C-8A01-B8680F29DF7C}
	EndGlobalSection
EndGlobal
